
Microsoft Visual Studio Solution File, Format Version 12.00
# Visual Studio 15
VisualStudioVersion = 15.0.27130.2027
MinimumVisualStudioVersion = 10.0.40219.1
Project("{FAE04EC0-301F-11D3-BF4B-00C04F79EFBC}") = "CodeSlave", "CodeSlave.csproj", "{7E361537-7348-42A4-99DE-D529673B0318}"
EndProject
Global
	GlobalSection(SolutionConfigurationPlatforms) = preSolution
		Debug|Any CPU = Debug|Any CPU
		Release|Any CPU = Release|Any CPU
	EndGlobalSection
	GlobalSection(ProjectConfigurationPlatforms) = postSolution
		{7E361537-7348-42A4-99DE-D529673B0318}.Debug|Any CPU.ActiveCfg = Debug|Any CPU
		{7E361537-7348-42A4-99DE-D529673B0318}.Debug|Any CPU.Build.0 = Debug|Any CPU
		{7E361537-7348-42A4-99DE-D529673B0318}.Release|Any CPU.ActiveCfg = Release|Any CPU
		{7E361537-7348-42A4-99DE-D529673B0318}.Release|Any CPU.Build.0 = Release|Any CPU
	EndGlobalSection
	GlobalSection(SolutionProperties) = preSolution
		HideSolutionNode = FALSE
	EndGlobalSection
	GlobalSection(ExtensibilityGlobals) = postSolution
		SolutionGuid = {EB8BF590-0634-497F-93DA-750029C996D0}
	EndGlobalSection
EndGlobal
